
Microsoft Visual Studio Solution File, Format Version 12.00
Project("{FAE04EC0-301F-11D3-BF4B-00C04F79EFBC}") = "TestIdentityCore", "TestIdentityCore\TestIdentityCore.csproj", "{5C3CE35D-F28B-4E23-8659-D284D7C7B0A8}"
EndProject
Global
	GlobalSection(SolutionConfigurationPlatforms) = preSolution
		Debug|Any CPU = Debug|Any CPU
		Release|Any CPU = Release|Any CPU
	EndGlobalSection
	GlobalSection(ProjectConfigurationPlatforms) = postSolution
		{5C3CE35D-F28B-4E23-8659-D284D7C7B0A8}.Debug|Any CPU.ActiveCfg = Debug|Any CPU
		{5C3CE35D-F28B-4E23-8659-D284D7C7B0A8}.Debug|Any CPU.Build.0 = Debug|Any CPU
		{5C3CE35D-F28B-4E23-8659-D284D7C7B0A8}.Release|Any CPU.ActiveCfg = Release|Any CPU
		{5C3CE35D-F28B-4E23-8659-D284D7C7B0A8}.Release|Any CPU.Build.0 = Release|Any CPU
	EndGlobalSection
EndGlobal
